
Microsoft Visual Studio Solution File, Format Version 11.00
# Visual Studio 2010
Project("{FAE04EC0-301F-11D3-BF4B-00C04F79EFBC}") = "MochaDroidVR", "Assembly-CSharp.csproj", "{EA5DDD35-54CA-1ACD-9C8C-79C148159B83}"
EndProject
Project("{FAE04EC0-301F-11D3-BF4B-00C04F79EFBC}") = "MochaDroidVR", "Assembly-CSharp-Editor.csproj", "{9E65337C-6EE0-B7BF-8C48-2866AE70B708}"
EndProject
Global
	GlobalSection(SolutionConfigurationPlatforms) = preSolution
		Debug|Any CPU = Debug|Any CPU
		Release|Any CPU = Release|Any CPU
	EndGlobalSection
	GlobalSection(ProjectConfigurationPlatforms) = postSolution
		{EA5DDD35-54CA-1ACD-9C8C-79C148159B83}.Debug|Any CPU.ActiveCfg = Debug|Any CPU
		{EA5DDD35-54CA-1ACD-9C8C-79C148159B83}.Debug|Any CPU.Build.0 = Debug|Any CPU
		{EA5DDD35-54CA-1ACD-9C8C-79C148159B83}.Release|Any CPU.ActiveCfg = Release|Any CPU
		{EA5DDD35-54CA-1ACD-9C8C-79C148159B83}.Release|Any CPU.Build.0 = Release|Any CPU
		{9E65337C-6EE0-B7BF-8C48-2866AE70B708}.Debug|Any CPU.ActiveCfg = Debug|Any CPU
		{9E65337C-6EE0-B7BF-8C48-2866AE70B708}.Debug|Any CPU.Build.0 = Debug|Any CPU
		{9E65337C-6EE0-B7BF-8C48-2866AE70B708}.Release|Any CPU.ActiveCfg = Release|Any CPU
		{9E65337C-6EE0-B7BF-8C48-2866AE70B708}.Release|Any CPU.Build.0 = Release|Any CPU
	EndGlobalSection
	GlobalSection(SolutionProperties) = preSolution
		HideSolutionNode = FALSE
	EndGlobalSection
	GlobalSection(MonoDevelopProperties) = preSolution
		StartupItem = Assembly-CSharp.csproj
	EndGlobalSection
EndGlobal
